// !$*UTF8*$!
{
	archiveVersion = 1;
	classes = {
	};
	objectVersion = 48;
	objects = {

/* Begin PBXBuildFile section */
		2EAF4D8320B014B400E5D8DB /* AppDelegate.swift in Sources */ = {isa = PBXBuildFile; fileRef = 2EAF4D8220B014B400E5D8DB /* AppDelegate.swift */; };
		2EAF4D8520B014B400E5D8DB /* ViewController.swift in Sources */ = {isa = PBXBuildFile; fileRef = 2EAF4D8420B014B400E5D8DB /* ViewController.swift */; };
		2EAF4D8820B014B400E5D8DB /* Main.storyboard in Resources */ = {isa = PBXBuildFile; fileRef = 2EAF4D8620B014B400E5D8DB /* Main.storyboard */; };
		2EAF4D8A20B014B400E5D8DB /* Assets.xcassets in Resources */ = {isa = PBXBuildFile; fileRef = 2EAF4D8920B014B400E5D8DB /* Assets.xcassets */; };
		2EAF4D8D20B014B400E5D8DB /* LaunchScreen.storyboard in Resources */ = {isa = PBXBuildFile; fileRef = 2EAF4D8B20B014B400E5D8DB /* LaunchScreen.storyboard */; };
		2EAF4D9720B015FB00E5D8DB /* ShadowWithCornerRadiusView.swift in Sources */ = {isa = PBXBuildFile; fileRef = 2EAF4D9520B0151800E5D8DB /* ShadowWithCornerRadiusView.swift */; };
		2EAF4D9820B015FD00E5D8DB /* BezierPathExtension.swift in Sources */ = {isa = PBXBuildFile; fileRef = 2EAF4D9620B0151800E5D8DB /* BezierPathExtension.swift */; };
/* End PBXBuildFile section */

/* Begin PBXFileReference section */
		2EAF4D7F20B014B400E5D8DB /* ShadowAndRadiusView.app */ = {isa = PBXFileReference; explicitFileType = wrapper.application; includeInIndex = 0; path = ShadowAndRadiusView.app; sourceTree = BUILT_PRODUCTS_DIR; };
		2EAF4D8220B014B400E5D8DB /* AppDelegate.swift */ = {isa = PBXFileReference; lastKnownFileType = sourcecode.swift; path = AppDelegate.swift; sourceTree = "<group>"; };
		2EAF4D8420B014B400E5D8DB /* ViewController.swift */ = {isa = PBXFileReference; lastKnownFileType = sourcecode.swift; path = ViewController.swift; sourceTree = "<group>"; };
		2EAF4D8720B014B400E5D8DB /* Base */ = {isa = PBXFileReference; lastKnownFileType = file.storyboard; name = Base; path = Base.lproj/Main.storyboard; sourceTree = "<group>"; };
		2EAF4D8920B014B400E5D8DB /* Assets.xcassets */ = {isa = PBXFileReference; lastKnownFileType = folder.assetcatalog; path = Assets.xcassets; sourceTree = "<group>"; };
		2EAF4D8C20B014B400E5D8DB /* Base */ = {isa = PBXFileReference; lastKnownFileType = file.storyboard; name = Base; path = Base.lproj/LaunchScreen.storyboard; sourceTree = "<group>"; };
		2EAF4D8E20B014B400E5D8DB /* Info.plist */ = {isa = PBXFileReference; lastKnownFileType = text.plist.xml; path = Info.plist; sourceTree = "<group>"; };
		2EAF4D9520B0151800E5D8DB /* ShadowWithCornerRadiusView.swift */ = {isa = PBXFileReference; lastKnownFileType = sourcecode.swift; path = ShadowWithCornerRadiusView.swift; sourceTree = "<group>"; };
		2EAF4D9620B0151800E5D8DB /* BezierPathExtension.swift */ = {isa = PBXFileReference; lastKnownFileType = sourcecode.swift; path = BezierPathExtension.swift; sourceTree = "<group>"; };
/* End PBXFileReference section */

/* Begin PBXFrameworksBuildPhase section */
		2EAF4D7C20B014B400E5D8DB /* Frameworks */ = {
			isa = PBXFrameworksBuildPhase;
			buildActionMask = 2147483647;
			files = (
			);
			runOnlyForDeploymentPostprocessing = 0;
		};
/* End PBXFrameworksBuildPhase section */

/* Begin PBXGroup section */
		2EAF4D7620B014B300E5D8DB = {
			isa = PBXGroup;
			children = (
				2EAF4D8120B014B400E5D8DB /* ShadowAndRadiusView */,
				2EAF4D8020B014B400E5D8DB /* Products */,
			);
			sourceTree = "<group>";
		};
		2EAF4D8020B014B400E5D8DB /* Products */ = {
			isa = PBXGroup;
			children = (
				2EAF4D7F20B014B400E5D8DB /* ShadowAndRadiusView.app */,
			);
			name = Products;
			sourceTree = "<group>";
		};
		2EAF4D8120B014B400E5D8DB /* ShadowAndRadiusView */ = {
			isa = PBXGroup;
			children = (
				2EAF4D9420B014D900E5D8DB /* Utils */,
				2EAF4D8220B014B400E5D8DB /* AppDelegate.swift */,
				2EAF4D8420B014B400E5D8DB /* ViewController.swift */,
				2EAF4D8620B014B400E5D8DB /* Main.storyboard */,
				2EAF4D8920B014B400E5D8DB /* Assets.xcassets */,
				2EAF4D8B20B014B400E5D8DB /* LaunchScreen.storyboard */,
				2EAF4D8E20B014B400E5D8DB /* Info.plist */,
			);
			path = ShadowAndRadiusView;
			sourceTree = "<group>";
		};
		2EAF4D9420B014D900E5D8DB /* Utils */ = {
			isa = PBXGroup;
			children = (
				2EAF4D9520B0151800E5D8DB /* ShadowWithCornerRadiusView.swift */,
				2EAF4D9620B0151800E5D8DB /* BezierPathExtension.swift */,
			);
			path = Utils;
			sourceTree = "<group>";
		};
/* End PBXGroup section */

/* Begin PBXNativeTarget section */
		2EAF4D7E20B014B400E5D8DB /* ShadowAndRadiusView */ = {
			isa = PBXNativeTarget;
			buildConfigurationList = 2EAF4D9120B014B400E5D8DB /* Build configuration list for PBXNativeTarget "ShadowAndRadiusView" */;
			buildPhases = (
				2EAF4D7B20B014B400E5D8DB /* Sources */,
				2EAF4D7C20B014B400E5D8DB /* Frameworks */,
				2EAF4D7D20B014B400E5D8DB /* Resources */,
			);
			buildRules = (
			);
			dependencies = (
			);
			name = ShadowAndRadiusView;
			productName = ShadowAndRadiusView;
			productReference = 2EAF4D7F20B014B400E5D8DB /* ShadowAndRadiusView.app */;
			productType = "com.apple.product-type.application";
		};
/* End PBXNativeTarget section */

/* Begin PBXProject section */
		2EAF4D7720B014B300E5D8DB /* Project object */ = {
			isa = PBXProject;
			attributes = {
				LastSwiftUpdateCheck = 0900;
				LastUpgradeCheck = 0900;
				ORGANIZATIONNAME = "Omar Ayed";
				TargetAttributes = {
					2EAF4D7E20B014B400E5D8DB = {
						CreatedOnToolsVersion = 9.0;
						ProvisioningStyle = Automatic;
					};
				};
			};
			buildConfigurationList = 2EAF4D7A20B014B300E5D8DB /* Build configuration list for PBXProject "ShadowAndRadiusView" */;
			compatibilityVersion = "Xcode 8.0";
			developmentRegion = en;
			hasScannedForEncodings = 0;
			knownRegions = (
				en,
				Base,
			);
			mainGroup = 2EAF4D7620B014B300E5D8DB;
			productRefGroup = 2EAF4D8020B014B400E5D8DB /* Products */;
			projectDirPath = "";
			projectRoot = "";
			targets = (
				2EAF4D7E20B014B400E5D8DB /* ShadowAndRadiusView */,
			);
		};
/* End PBXProject section */

/* Begin PBXResourcesBuildPhase section */
		2EAF4D7D20B014B400E5D8DB /* Resources */ = {
			isa = PBXResourcesBuildPhase;
			buildActionMask = 2147483647;
			files = (
				2EAF4D8D20B014B400E5D8DB /* LaunchScreen.storyboard in Resources */,
				2EAF4D8A20B014B400E5D8DB /* Assets.xcassets in Resources */,
				2EAF4D8820B014B400E5D8DB /* Main.storyboard in Resources */,
			);
			runOnlyForDeploymentPostprocessing = 0;
		};
/* End PBXResourcesBuildPhase section */

/* Begin PBXSourcesBuildPhase section */
		2EAF4D7B20B014B400E5D8DB /* Sources */ = {
			isa = PBXSourcesBuildPhase;
			buildActionMask = 2147483647;
			files = (
				2EAF4D8520B014B400E5D8DB /* ViewController.swift in Sources */,
				2EAF4D8320B014B400E5D8DB /* AppDelegate.swift in Sources */,
				2EAF4D9720B015FB00E5D8DB /* ShadowWithCornerRadiusView.swift in Sources */,
				2EAF4D9820B015FD00E5D8DB /* BezierPathExtension.swift in Sources */,
			);
			runOnlyForDeploymentPostprocessing = 0;
		};
/* End PBXSourcesBuildPhase section */

/* Begin PBXVariantGroup section */
		2EAF4D8620B014B400E5D8DB /* Main.storyboard */ = {
			isa = PBXVariantGroup;
			children = (
				2EAF4D8720B014B400E5D8DB /* Base */,
			);
			name = Main.storyboard;
			sourceTree = "<group>";
		};
		2EAF4D8B20B014B400E5D8DB /* LaunchScreen.storyboard */ = {
			isa = PBXVariantGroup;
			children = (
				2EAF4D8C20B014B400E5D8DB /* Base */,
			);
			name = LaunchScreen.storyboard;
			sourceTree = "<group>";
		};
/* End PBXVariantGroup section */

/* Begin XCBuildConfiguration section */
		2EAF4D8F20B014B400E5D8DB /* Debug */ = {
			isa = XCBuildConfiguration;
			buildSettings = {
				ALWAYS_SEARCH_USER_PATHS = NO;
				CLANG_ANALYZER_NONNULL = YES;
				CLANG_ANALYZER_NUMBER_OBJECT_CONVERSION = YES_AGGRESSIVE;
				CLANG_CXX_LANGUAGE_STANDARD = "gnu++14";
				CLANG_CXX_LIBRARY = "libc++";
				CLANG_ENABLE_MODULES = YES;
				CLANG_ENABLE_OBJC_ARC = YES;
				CLANG_WARN_BLOCK_CAPTURE_AUTORELEASING = YES;
				CLANG_WARN_BOOL_CONVERSION = YES;
				CLANG_WARN_COMMA = YES;
				CLANG_WARN_CONSTANT_CONVERSION = YES;
				CLANG_WARN_DIRECT_OBJC_ISA_USAGE = YES_ERROR;
				CLANG_WARN_DOCUMENTATION_COMMENTS = YES;
				CLANG_WARN_EMPTY_BODY = YES;
				CLANG_WARN_ENUM_CONVERSION = YES;
				CLANG_WARN_INFINITE_RECURSION = YES;
				CLANG_WARN_INT_CONVERSION = YES;
				CLANG_WARN_NON_LITERAL_NULL_CONVERSION = YES;
				CLANG_WARN_OBJC_LITERAL_CONVERSION = YES;
				CLANG_WARN_OBJC_ROOT_CLASS = YES_ERROR;
				CLANG_WARN_RANGE_LOOP_ANALYSIS = YES;
				CLANG_WARN_STRICT_PROTOTYPES = YES;
				CLANG_WARN_SUSPICIOUS_MOVE = YES;
				CLANG_WARN_UNGUARDED_AVAILABILITY = YES_AGGRESSIVE;
				CLANG_WARN_UNREACHABLE_CODE = YES;
				CLANG_WARN__DUPLICATE_METHOD_MATCH = YES;
				CODE_SIGN_IDENTITY = "iPhone Developer";
				COPY_PHASE_STRIP = NO;
				DEBUG_INFORMATION_FORMAT = dwarf;
				ENABLE_STRICT_OBJC_MSGSEND = YES;
				ENABLE_TESTABILITY = YES;
				GCC_C_LANGUAGE_STANDARD = gnu11;
				GCC_DYNAMIC_NO_PIC = NO;
				GCC_NO_COMMON_BLOCKS = YES;
				GCC_OPTIMIZATION_LEVEL = 0;
				GCC_PREPROCESSOR_DEFINITIONS = (
					"DEBUG=1",
					"$(inherited)",
				);
				GCC_WARN_64_TO_32_BIT_CONVERSION = YES;
				GCC_WARN_ABOUT_RETURN_TYPE = YES_ERROR;
				GCC_WARN_UNDECLARED_SELECTOR = YES;
				GCC_WARN_UNINITIALIZED_AUTOS = YES_AGGRESSIVE;
				GCC_WARN_UNUSED_FUNCTION = YES;
				GCC_WARN_UNUSED_VARIABLE = YES;
				IPHONEOS_DEPLOYMENT_TARGET = 11.0;
				MTL_ENABLE_DEBUG_INFO = YES;
				ONLY_ACTIVE_ARCH = YES;
				SDKROOT = iphoneos;
				SWIFT_ACTIVE_COMPILATION_CONDITIONS = DEBUG;
				SWIFT_OPTIMIZATION_LEVEL = "-Onone";
			};
			name = Debug;
		};
		2EAF4D9020B014B400E5D8DB /* Release */ = {
			isa = XCBuildConfiguration;
			buildSettings = {
				ALWAYS_SEARCH_USER_PATHS = NO;
				CLANG_ANALYZER_NONNULL = YES;
				CLANG_ANALYZER_NUMBER_OBJECT_CONVERSION = YES_AGGRESSIVE;
				CLANG_CXX_LANGUAGE_STANDARD = "gnu++14";
				CLANG_CXX_LIBRARY = "libc++";
				CLANG_ENABLE_MODULES = YES;
				CLANG_ENABLE_OBJC_ARC = YES;
				CLANG_WARN_BLOCK_CAPTURE_AUTORELEASING = YES;
				CLANG_WARN_BOOL_CONVERSION = YES;
				CLANG_WARN_COMMA = YES;
				CLANG_WARN_CONSTANT_CONVERSION = YES;
				CLANG_WARN_DIRECT_OBJC_ISA_USAGE = YES_ERROR;
				CLANG_WARN_DOCUMENTATION_COMMENTS = YES;
				CLANG_WARN_EMPTY_BODY = YES;
				CLANG_WARN_ENUM_CONVERSION = YES;
				CLANG_WARN_INFINITE_RECURSION = YES;
				CLANG_WARN_INT_CONVERSION = YES;
				CLANG_WARN_NON_LITERAL_NULL_CONVERSION = YES;
				CLANG_WARN_OBJC_LITERAL_CONVERSION = YES;
				CLANG_WARN_OBJC_ROOT_CLASS = YES_ERROR;
				CLANG_WARN_RANGE_LOOP_ANALYSIS = YES;
				CLANG_WARN_STRICT_PROTOTYPES = YES;
				CLANG_WARN_SUSPICIOUS_MOVE = YES;
				CLANG_WARN_UNGUARDED_AVAILABILITY = YES_AGGRESSIVE;
				CLANG_WARN_UNREACHABLE_CODE = YES;
				CLANG_WARN__DUPLICATE_METHOD_MATCH = YES;
				CODE_SIGN_IDENTITY = "iPhone Developer";
				COPY_PHASE_STRIP = NO;
				DEBUG_INFORMATION_FORMAT = "dwarf-with-dsym";
				ENABLE_NS_ASSERTIONS = NO;
				ENABLE_STRICT_OBJC_MSGSEND = YES;
				GCC_C_LANGUAGE_STANDARD = gnu11;
				GCC_NO_COMMON_BLOCKS = YES;
				GCC_WARN_64_TO_32_BIT_CONVERSION = YES;
				GCC_WARN_ABOUT_RETURN_TYPE = YES_ERROR;
				GCC_WARN_UNDECLARED_SELECTOR = YES;
				GCC_WARN_UNINITIALIZED_AUTOS = YES_AGGRESSIVE;
				GCC_WARN_UNUSED_FUNCTION = YES;
				GCC_WARN_UNUSED_VARIABLE = YES;
				IPHONEOS_DEPLOYMENT_TARGET = 11.0;
				MTL_ENABLE_DEBUG_INFO = NO;
				SDKROOT = iphoneos;
				SWIFT_OPTIMIZATION_LEVEL = "-Owholemodule";
				VALIDATE_PRODUCT = YES;
			};
			name = Release;
		};
		2EAF4D9220B014B400E5D8DB /* Debug */ = {
			isa = XCBuildConfiguration;
			buildSettings = {
				ASSETCATALOG_COMPILER_APPICON_NAME = AppIcon;
				CODE_SIGN_STYLE = Automatic;
				DEVELOPMENT_TEAM = "";
				INFOPLIST_FILE = ShadowAndRadiusView/Info.plist;
				LD_RUNPATH_SEARCH_PATHS = "$(inherited) @executable_path/Frameworks";
				PRODUCT_BUNDLE_IDENTIFIER = com.apps.dleelk4apps.ShadowAndRadiusView;
				PRODUCT_NAME = "$(TARGET_NAME)";
				SWIFT_VERSION = 4.0;
				TARGETED_DEVICE_FAMILY = "1,2";
			};
			name = Debug;
		};
		2EAF4D9320B014B400E5D8DB /* Release */ = {
			isa = XCBuildConfiguration;
			buildSettings = {
				ASSETCATALOG_COMPILER_APPICON_NAME = AppIcon;
				CODE_SIGN_STYLE = Automatic;
				DEVELOPMENT_TEAM = "";
				INFOPLIST_FILE = ShadowAndRadiusView/Info.plist;
				LD_RUNPATH_SEARCH_PATHS = "$(inherited) @executable_path/Frameworks";
				PRODUCT_BUNDLE_IDENTIFIER = com.apps.dleelk4apps.ShadowAndRadiusView;
				PRODUCT_NAME = "$(TARGET_NAME)";
				SWIFT_VERSION = 4.0;
				TARGETED_DEVICE_FAMILY = "1,2";
			};
			name = Release;
		};
/* End XCBuildConfiguration section */

/* Begin XCConfigurationList section */
		2EAF4D7A20B014B300E5D8DB /* Build configuration list for PBXProject "ShadowAndRadiusView" */ = {
			isa = XCConfigurationList;
			buildConfigurations = (
				2EAF4D8F20B014B400E5D8DB /* Debug */,
				2EAF4D9020B014B400E5D8DB /* Release */,
			);
			defaultConfigurationIsVisible = 0;
			defaultConfigurationName = Release;
		};
		2EAF4D9120B014B400E5D8DB /* Build configuration list for PBXNativeTarget "ShadowAndRadiusView" */ = {
			isa = XCConfigurationList;
			buildConfigurations = (
				2EAF4D9220B014B400E5D8DB /* Debug */,
				2EAF4D9320B014B400E5D8DB /* Release */,
			);
			defaultConfigurationIsVisible = 0;
			defaultConfigurationName = Release;
		};
/* End XCConfigurationList section */
	};
	rootObject = 2EAF4D7720B014B300E5D8DB /* Project object */;
}
